
Microsoft Visual Studio Solution File, Format Version 12.00
# Visual Studio Version 17
VisualStudioVersion = 17.7.34003.232
MinimumVisualStudioVersion = 10.0.40219.1
Project("{FAE04EC0-301F-11D3-BF4B-00C04F79EFBC}") = "BodyFit", "BodyFit\BodyFit.csproj", "{F295BF53-3136-4741-93F0-BFC8F9A5BEF4}"
EndProject
Global
	GlobalSection(SolutionConfigurationPlatforms) = preSolution
		Debug|Any CPU = Debug|Any CPU
		Release|Any CPU = Release|Any CPU
	EndGlobalSection
	GlobalSection(ProjectConfigurationPlatforms) = postSolution
		{F295BF53-3136-4741-93F0-BFC8F9A5BEF4}.Debug|Any CPU.ActiveCfg = Debug|Any CPU
		{F295BF53-3136-4741-93F0-BFC8F9A5BEF4}.Debug|Any CPU.Build.0 = Debug|Any CPU
		{F295BF53-3136-4741-93F0-BFC8F9A5BEF4}.Release|Any CPU.ActiveCfg = Release|Any CPU
		{F295BF53-3136-4741-93F0-BFC8F9A5BEF4}.Release|Any CPU.Build.0 = Release|Any CPU
	EndGlobalSection
	GlobalSection(SolutionProperties) = preSolution
		HideSolutionNode = FALSE
	EndGlobalSection
	GlobalSection(ExtensibilityGlobals) = postSolution
		SolutionGuid = {E7B1BA58-2404-4124-AF49-8DB5002D78A8}
	EndGlobalSection
EndGlobal
